
Microsoft Visual Studio Solution File, Format Version 12.00
# Visual Studio Version 17
VisualStudioVersion = 17.9.34607.119
MinimumVisualStudioVersion = 10.0.40219.1
Project("{9A19103F-16F7-4668-BE54-9A1E7A4F7556}") = "ShopApplication", "ShopApplication.csproj", "{0D0E85DA-EE78-498A-A1CD-0CA9256C0466}"
EndProject
Project("{9A19103F-16F7-4668-BE54-9A1E7A4F7556}") = "LogInAPI", "..\LogInAPI\LogInAPI.csproj", "{93B31A48-777F-4C48-8DEA-C6D8D6088E7F}"
EndProject
Project("{FAE04EC0-301F-11D3-BF4B-00C04F79EFBC}") = "TestWebAPI", "..\TestWebAPI\TestWebAPI.csproj", "{7273ED90-1833-4908-A4E2-32B6D48A425A}"
EndProject
Global
	GlobalSection(SolutionConfigurationPlatforms) = preSolution
		Debug|Any CPU = Debug|Any CPU
		Release|Any CPU = Release|Any CPU
	EndGlobalSection
	GlobalSection(ProjectConfigurationPlatforms) = postSolution
		{0D0E85DA-EE78-498A-A1CD-0CA9256C0466}.Debug|Any CPU.ActiveCfg = Debug|Any CPU
		{0D0E85DA-EE78-498A-A1CD-0CA9256C0466}.Debug|Any CPU.Build.0 = Debug|Any CPU
		{0D0E85DA-EE78-498A-A1CD-0CA9256C0466}.Release|Any CPU.ActiveCfg = Release|Any CPU
		{0D0E85DA-EE78-498A-A1CD-0CA9256C0466}.Release|Any CPU.Build.0 = Release|Any CPU
		{93B31A48-777F-4C48-8DEA-C6D8D6088E7F}.Debug|Any CPU.ActiveCfg = Debug|Any CPU
		{93B31A48-777F-4C48-8DEA-C6D8D6088E7F}.Debug|Any CPU.Build.0 = Debug|Any CPU
		{93B31A48-777F-4C48-8DEA-C6D8D6088E7F}.Release|Any CPU.ActiveCfg = Release|Any CPU
		{93B31A48-777F-4C48-8DEA-C6D8D6088E7F}.Release|Any CPU.Build.0 = Release|Any CPU
		{7273ED90-1833-4908-A4E2-32B6D48A425A}.Debug|Any CPU.ActiveCfg = Debug|Any CPU
		{7273ED90-1833-4908-A4E2-32B6D48A425A}.Debug|Any CPU.Build.0 = Debug|Any CPU
		{7273ED90-1833-4908-A4E2-32B6D48A425A}.Release|Any CPU.ActiveCfg = Release|Any CPU
		{7273ED90-1833-4908-A4E2-32B6D48A425A}.Release|Any CPU.Build.0 = Release|Any CPU
	EndGlobalSection
	GlobalSection(SolutionProperties) = preSolution
		HideSolutionNode = FALSE
	EndGlobalSection
	GlobalSection(ExtensibilityGlobals) = postSolution
		SolutionGuid = {DF79D89B-7569-4482-88C8-111758C888C1}
	EndGlobalSection
EndGlobal
